{
  "name": "fd",
  "version": "1.0.0",
  "lockfileVersion": 1,
  "requires": true,
  "dependencies": {
    "ansi-regex": {
      "version": "5.0.0",
      "resolved": "https://registry.npm.taobao.org/ansi-regex/download/ansi-regex-5.0.0.tgz",
      "integrity": "sha1-OIU59VF5vzkznIGvMKZU1p+Hy3U="
    },
    "ansi-styles": {
      "version": "4.3.0",
      "resolved": "https://registry.npm.taobao.org/ansi-styles/download/ansi-styles-4.3.0.tgz",
      "integrity": "sha1-7dgDYornHATIWuegkG7a00tkiTc=",
      "requires": {
        "color-convert": "^2.0.1"
      }
    },
    "array-filter": {
      "version": "1.0.0",
      "resolved": "https://registry.npm.taobao.org/array-filter/download/array-filter-1.0.0.tgz",
      "integrity": "sha1-uveeYubvTCpMC4MSMtr/7CUfnYM="
    },
    "at-least-node": {
      "version": "1.0.0",
      "resolved": "https://registry.npm.taobao.org/at-least-node/download/at-least-node-1.0.0.tgz",
      "integrity": "sha1-YCzUtG6EStTv/JKoARo8RuAjjcI="
    },
    "available-typed-arrays": {
      "version": "1.0.2",
      "resolved": "https://registry.npm.taobao.org/available-typed-arrays/download/available-typed-arrays-1.0.2.tgz",
      "integrity": "sha1-awmMqdgDkHnuP3f3t4PESAulE/U=",
      "requires": {
        "array-filter": "^1.0.0"
      }
    },
    "cliui": {
      "version": "7.0.1",
      "resolved": "https://registry.npm.taobao.org/cliui/download/cliui-7.0.1.tgz?cache=0&sync_timestamp=1597607904134&other_urls=https%3A%2F%2Fregistry.npm.taobao.org%2Fcliui%2Fdownload%2Fcliui-7.0.1.tgz",
      "integrity": "sha1-pMtnqtRc2D2NBRKPyfTY+7iH5rM=",
      "requires": {
        "string-width": "^4.2.0",
        "strip-ansi": "^6.0.0",
        "wrap-ansi": "^7.0.0"
      }
    },
    "color-convert": {
      "version": "2.0.1",
      "resolved": "https://registry.npm.taobao.org/color-convert/download/color-convert-2.0.1.tgz",
      "integrity": "sha1-ctOmjVmMm9s68q0ehPIdiWq9TeM=",
      "requires": {
        "color-name": "~1.1.4"
      }
    },
    "color-name": {
      "version": "1.1.4",
      "resolved": "https://registry.npm.taobao.org/color-name/download/color-name-1.1.4.tgz",
      "integrity": "sha1-wqCah6y95pVD3m9j+jmVyCbFNqI="
    },
    "commander": {
      "version": "6.1.0",
      "resolved": "https://registry.npm.taobao.org/commander/download/commander-6.1.0.tgz?cache=0&sync_timestamp=1598576076977&other_urls=https%3A%2F%2Fregistry.npm.taobao.org%2Fcommander%2Fdownload%2Fcommander-6.1.0.tgz",
      "integrity": "sha1-+Ncit4EDFBAGtm9Me6HpcxW6dbw="
    },
    "debug": {
      "version": "4.2.0",
      "resolved": "https://registry.npm.taobao.org/debug/download/debug-4.2.0.tgz?cache=0&sync_timestamp=1600502855763&other_urls=https%3A%2F%2Fregistry.npm.taobao.org%2Fdebug%2Fdownload%2Fdebug-4.2.0.tgz",
      "integrity": "sha1-fxUPk5IOlMWPVXTC/QGjEQ7/5/E=",
      "requires": {
        "ms": "2.1.2"
      }
    },
    "define-properties": {
      "version": "1.1.3",
      "resolved": "https://registry.npm.taobao.org/define-properties/download/define-properties-1.1.3.tgz",
      "integrity": "sha1-z4jabL7ib+bbcJT2HYcMvYTO6fE=",
      "requires": {
        "object-keys": "^1.0.12"
      }
    },
    "emoji-regex": {
      "version": "8.0.0",
      "resolved": "https://registry.npm.taobao.org/emoji-regex/download/emoji-regex-8.0.0.tgz",
      "integrity": "sha1-6Bj9ac5cz8tARZT4QpY79TFkzDc="
    },
    "es-abstract": {
      "version": "1.17.7",
      "resolved": "https://registry.npm.taobao.org/es-abstract/download/es-abstract-1.17.7.tgz?cache=0&sync_timestamp=1601503225168&other_urls=https%3A%2F%2Fregistry.npm.taobao.org%2Fes-abstract%2Fdownload%2Fes-abstract-1.17.7.tgz",
      "integrity": "sha1-pN5hsvZpifx0IWdsHLl4dXOs5Uw=",
      "requires": {
        "es-to-primitive": "^1.2.1",
        "function-bind": "^1.1.1",
        "has": "^1.0.3",
        "has-symbols": "^1.0.1",
        "is-callable": "^1.2.2",
        "is-regex": "^1.1.1",
        "object-inspect": "^1.8.0",
        "object-keys": "^1.1.1",
        "object.assign": "^4.1.1",
        "string.prototype.trimend": "^1.0.1",
        "string.prototype.trimstart": "^1.0.1"
      }
    },
    "es-to-primitive": {
      "version": "1.2.1",
      "resolved": "https://registry.npm.taobao.org/es-to-primitive/download/es-to-primitive-1.2.1.tgz",
      "integrity": "sha1-5VzUyc3BiLzvsDs2bHNjI/xciYo=",
      "requires": {
        "is-callable": "^1.1.4",
        "is-date-object": "^1.0.1",
        "is-symbol": "^1.0.2"
      }
    },
    "escalade": {
      "version": "3.1.0",
      "resolved": "https://registry.npm.taobao.org/escalade/download/escalade-3.1.0.tgz?cache=0&sync_timestamp=1600103287365&other_urls=https%3A%2F%2Fregistry.npm.taobao.org%2Fescalade%2Fdownload%2Fescalade-3.1.0.tgz",
      "integrity": "sha1-6OLXx6i3b27mTCGB1rgVFEFgLU4="
    },
    "foreach": {
      "version": "2.0.5",
      "resolved": "https://registry.npm.taobao.org/foreach/download/foreach-2.0.5.tgz",
      "integrity": "sha1-C+4AUBiusmDQo6865ljdATbsG5k="
    },
    "fs-extra": {
      "version": "9.0.1",
      "resolved": "https://registry.npm.taobao.org/fs-extra/download/fs-extra-9.0.1.tgz?cache=0&sync_timestamp=1592843137563&other_urls=https%3A%2F%2Fregistry.npm.taobao.org%2Ffs-extra%2Fdownload%2Ffs-extra-9.0.1.tgz",
      "integrity": "sha1-kQ2gBiQ3ukw5/t2GPxZ1zP78ufw=",
      "requires": {
        "at-least-node": "^1.0.0",
        "graceful-fs": "^4.2.0",
        "jsonfile": "^6.0.1",
        "universalify": "^1.0.0"
      }
    },
    "function-bind": {
      "version": "1.1.1",
      "resolved": "https://registry.npm.taobao.org/function-bind/download/function-bind-1.1.1.tgz",
      "integrity": "sha1-pWiZ0+o8m6uHS7l3O3xe3pL0iV0="
    },
    "get-caller-file": {
      "version": "2.0.5",
      "resolved": "https://registry.npm.taobao.org/get-caller-file/download/get-caller-file-2.0.5.tgz",
      "integrity": "sha1-T5RBKoLbMvNuOwuXQfipf+sDH34="
    },
    "graceful-fs": {
      "version": "4.2.4",
      "resolved": "https://registry.npm.taobao.org/graceful-fs/download/graceful-fs-4.2.4.tgz",
      "integrity": "sha1-Ila94U02MpWMRl68ltxGfKB6Kfs="
    },
    "has": {
      "version": "1.0.3",
      "resolved": "https://registry.npm.taobao.org/has/download/has-1.0.3.tgz",
      "integrity": "sha1-ci18v8H2qoJB8W3YFOAR4fQeh5Y=",
      "requires": {
        "function-bind": "^1.1.1"
      }
    },
    "has-symbols": {
      "version": "1.0.1",
      "resolved": "https://registry.npm.taobao.org/has-symbols/download/has-symbols-1.0.1.tgz",
      "integrity": "sha1-n1IUdYpEGWxAbZvXbOv4HsLdMeg="
    },
    "inherits": {
      "version": "2.0.4",
      "resolved": "https://registry.npm.taobao.org/inherits/download/inherits-2.0.4.tgz",
      "integrity": "sha1-D6LGT5MpF8NDOg3tVTY6rjdBa3w="
    },
    "is-arguments": {
      "version": "1.0.4",
      "resolved": "https://registry.npm.taobao.org/is-arguments/download/is-arguments-1.0.4.tgz",
      "integrity": "sha1-P6+WbHy6D/Q3+zH2JQCC/PBEjPM="
    },
    "is-callable": {
      "version": "1.2.2",
      "resolved": "https://registry.npm.taobao.org/is-callable/download/is-callable-1.2.2.tgz",
      "integrity": "sha1-x8ZxXNItTdtI0+GZcCI6zquwgNk="
    },
    "is-date-object": {
      "version": "1.0.2",
      "resolved": "https://registry.npm.taobao.org/is-date-object/download/is-date-object-1.0.2.tgz",
      "integrity": "sha1-vac28s2P0G0yhE53Q7+nSUw7/X4="
    },
    "is-fullwidth-code-point": {
      "version": "3.0.0",
      "resolved": "https://registry.npm.taobao.org/is-fullwidth-code-point/download/is-fullwidth-code-point-3.0.0.tgz",
      "integrity": "sha1-8Rb4Bk/pCz94RKOJl8C3UFEmnx0="
    },
    "is-generator-function": {
      "version": "1.0.7",
      "resolved": "https://registry.npm.taobao.org/is-generator-function/download/is-generator-function-1.0.7.tgz",
      "integrity": "sha1-0hMuUpuwAAp/gHlNS99c1eWBNSI="
    },
    "is-negative-zero": {
      "version": "2.0.0",
      "resolved": "https://registry.npm.taobao.org/is-negative-zero/download/is-negative-zero-2.0.0.tgz",
      "integrity": "sha1-lVOxIbD6wohp2p7UWeIMdUN4hGE="
    },
    "is-regex": {
      "version": "1.1.1",
      "resolved": "https://registry.npm.taobao.org/is-regex/download/is-regex-1.1.1.tgz?cache=0&sync_timestamp=1596555709354&other_urls=https%3A%2F%2Fregistry.npm.taobao.org%2Fis-regex%2Fdownload%2Fis-regex-1.1.1.tgz",
      "integrity": "sha1-xvmKrMVG9s7FRooHt7FTq1ZKV7k=",
      "requires": {
        "has-symbols": "^1.0.1"
      }
    },
    "is-symbol": {
      "version": "1.0.3",
      "resolved": "https://registry.npm.taobao.org/is-symbol/download/is-symbol-1.0.3.tgz",
      "integrity": "sha1-OOEBS55jKb4N6dJKQU/XRB7GGTc=",
      "requires": {
        "has-symbols": "^1.0.1"
      }
    },
    "is-typed-array": {
      "version": "1.1.3",
      "resolved": "https://registry.npm.taobao.org/is-typed-array/download/is-typed-array-1.1.3.tgz",
      "integrity": "sha1-pP9aXmcuGlX5nH9U5ZWXr1wd8E0=",
      "requires": {
        "available-typed-arrays": "^1.0.0",
        "es-abstract": "^1.17.4",
        "foreach": "^2.0.5",
        "has-symbols": "^1.0.1"
      }
    },
    "jsonfile": {
      "version": "6.0.1",
      "resolved": "https://registry.npm.taobao.org/jsonfile/download/jsonfile-6.0.1.tgz",
      "integrity": "sha1-mJZsuiFDeMjIS4LghZB7QL9hQXk=",
      "requires": {
        "graceful-fs": "^4.1.6",
        "universalify": "^1.0.0"
      }
    },
    "ms": {
      "version": "2.1.2",
      "resolved": "https://registry.npm.taobao.org/ms/download/ms-2.1.2.tgz",
      "integrity": "sha1-0J0fNXtEP0kzgqjrPM0YOHKuYAk="
    },
    "object-inspect": {
      "version": "1.8.0",
      "resolved": "https://registry.npm.taobao.org/object-inspect/download/object-inspect-1.8.0.tgz",
      "integrity": "sha1-34B+Xs9TpgnMa/6T6sPMe+WzqdA="
    },
    "object-keys": {
      "version": "1.1.1",
      "resolved": "https://registry.npm.taobao.org/object-keys/download/object-keys-1.1.1.tgz",
      "integrity": "sha1-HEfyct8nfzsdrwYWd9nILiMixg4="
    },
    "object.assign": {
      "version": "4.1.1",
      "resolved": "https://registry.npm.taobao.org/object.assign/download/object.assign-4.1.1.tgz?cache=0&sync_timestamp=1599844854484&other_urls=https%3A%2F%2Fregistry.npm.taobao.org%2Fobject.assign%2Fdownload%2Fobject.assign-4.1.1.tgz",
      "integrity": "sha1-MDhnpmbN1Bk27N7fsfjz4ypHjN0=",
      "requires": {
        "define-properties": "^1.1.3",
        "es-abstract": "^1.18.0-next.0",
        "has-symbols": "^1.0.1",
        "object-keys": "^1.1.1"
      },
      "dependencies": {
        "es-abstract": {
          "version": "1.18.0-next.1",
          "resolved": "https://registry.npm.taobao.org/es-abstract/download/es-abstract-1.18.0-next.1.tgz?cache=0&sync_timestamp=1601503225168&other_urls=https%3A%2F%2Fregistry.npm.taobao.org%2Fes-abstract%2Fdownload%2Fes-abstract-1.18.0-next.1.tgz",
          "integrity": "sha1-bjoKS9pxflAjqzuOkL7DYQjSLGg=",
          "requires": {
            "es-to-primitive": "^1.2.1",
            "function-bind": "^1.1.1",
            "has": "^1.0.3",
            "has-symbols": "^1.0.1",
            "is-callable": "^1.2.2",
            "is-negative-zero": "^2.0.0",
            "is-regex": "^1.1.1",
            "object-inspect": "^1.8.0",
            "object-keys": "^1.1.1",
            "object.assign": "^4.1.1",
            "string.prototype.trimend": "^1.0.1",
            "string.prototype.trimstart": "^1.0.1"
          }
        }
      }
    },
    "os-homedir": {
      "version": "2.0.0",
      "resolved": "https://registry.npm.taobao.org/os-homedir/download/os-homedir-2.0.0.tgz",
      "integrity": "sha1-oMdrsAGoOSpQPL1G5+ZQs0I6kjw="
    },
    "require-directory": {
      "version": "2.1.1",
      "resolved": "https://registry.npm.taobao.org/require-directory/download/require-directory-2.1.1.tgz",
      "integrity": "sha1-jGStX9MNqxyXbiNE/+f3kqam30I="
    },
    "safe-buffer": {
      "version": "5.2.1",
      "resolved": "https://registry.npm.taobao.org/safe-buffer/download/safe-buffer-5.2.1.tgz",
      "integrity": "sha1-Hq+fqb2x/dTsdfWPnNtOa3gn7sY="
    },
    "semver": {
      "version": "7.3.2",
      "resolved": "https://registry.npm.taobao.org/semver/download/semver-7.3.2.tgz",
      "integrity": "sha1-YElisFK4HtB4aq6EOJ/7pw/9OTg="
    },
    "string-width": {
      "version": "4.2.0",
      "resolved": "https://registry.npm.taobao.org/string-width/download/string-width-4.2.0.tgz",
      "integrity": "sha1-lSGCxGzHssMT0VluYjmSvRY7crU=",
      "requires": {
        "emoji-regex": "^8.0.0",
        "is-fullwidth-code-point": "^3.0.0",
        "strip-ansi": "^6.0.0"
      }
    },
    "string.prototype.trimend": {
      "version": "1.0.1",
      "resolved": "https://registry.npm.taobao.org/string.prototype.trimend/download/string.prototype.trimend-1.0.1.tgz",
      "integrity": "sha1-hYEqa4R6wAInD1gIFGBkyZX7aRM=",
      "requires": {
        "define-properties": "^1.1.3",
        "es-abstract": "^1.17.5"
      }
    },
    "string.prototype.trimstart": {
      "version": "1.0.1",
      "resolved": "https://registry.npm.taobao.org/string.prototype.trimstart/download/string.prototype.trimstart-1.0.1.tgz",
      "integrity": "sha1-FK9tnzSwU/fPyJty+PLuFLkDmlQ=",
      "requires": {
        "define-properties": "^1.1.3",
        "es-abstract": "^1.17.5"
      }
    },
    "strip-ansi": {
      "version": "6.0.0",
      "resolved": "https://registry.npm.taobao.org/strip-ansi/download/strip-ansi-6.0.0.tgz",
      "integrity": "sha1-CxVx3XZpzNTz4G4U7x7tJiJa5TI=",
      "requires": {
        "ansi-regex": "^5.0.0"
      }
    },
    "universalify": {
      "version": "1.0.0",
      "resolved": "https://registry.npm.taobao.org/universalify/download/universalify-1.0.0.tgz",
      "integrity": "sha1-thodoXPoQ1sv48Z9Kbmt+FlL0W0="
    },
    "util": {
      "version": "0.12.3",
      "resolved": "https://registry.npm.taobao.org/util/download/util-0.12.3.tgz",
      "integrity": "sha1-lxuwKS0swMiS2rfGpdN8K+xweIg=",
      "requires": {
        "inherits": "^2.0.3",
        "is-arguments": "^1.0.4",
        "is-generator-function": "^1.0.7",
        "is-typed-array": "^1.1.3",
        "safe-buffer": "^5.1.2",
        "which-typed-array": "^1.1.2"
      }
    },
    "which-typed-array": {
      "version": "1.1.2",
      "resolved": "https://registry.npm.taobao.org/which-typed-array/download/which-typed-array-1.1.2.tgz",
      "integrity": "sha1-5fmOVr2pPj2sGWsB1HwRVmecALI=",
      "requires": {
        "available-typed-arrays": "^1.0.2",
        "es-abstract": "^1.17.5",
        "foreach": "^2.0.5",
        "function-bind": "^1.1.1",
        "has-symbols": "^1.0.1",
        "is-typed-array": "^1.1.3"
      }
    },
    "wrap-ansi": {
      "version": "7.0.0",
      "resolved": "https://registry.npm.taobao.org/wrap-ansi/download/wrap-ansi-7.0.0.tgz",
      "integrity": "sha1-Z+FFz/UQpqaYS98RUpEdadLrnkM=",
      "requires": {
        "ansi-styles": "^4.0.0",
        "string-width": "^4.1.0",
        "strip-ansi": "^6.0.0"
      }
    },
    "y18n": {
      "version": "5.0.2",
      "resolved": "https://registry.npm.taobao.org/y18n/download/y18n-5.0.2.tgz",
      "integrity": "sha1-SCGN9donMbRAMRXDmhr3Cchz+Ck="
    },
    "yargs": {
      "version": "16.0.3",
      "resolved": "https://registry.npm.taobao.org/yargs/download/yargs-16.0.3.tgz?cache=0&sync_timestamp=1600660043201&other_urls=https%3A%2F%2Fregistry.npm.taobao.org%2Fyargs%2Fdownload%2Fyargs-16.0.3.tgz",
      "integrity": "sha1-epGbnkPJD4DUoUKol5XoU5mn5Uw=",
      "requires": {
        "cliui": "^7.0.0",
        "escalade": "^3.0.2",
        "get-caller-file": "^2.0.5",
        "require-directory": "^2.1.1",
        "string-width": "^4.2.0",
        "y18n": "^5.0.1",
        "yargs-parser": "^20.0.0"
      }
    },
    "yargs-parser": {
      "version": "20.2.1",
      "resolved": "https://registry.npm.taobao.org/yargs-parser/download/yargs-parser-20.2.1.tgz",
      "integrity": "sha1-KPN3PFRs3Ypp3a5oEWtIpdoyjnc="
    }
  }
}
